
Microsoft Visual Studio Solution File, Format Version 12.00
# Visual Studio 2012
Project("{FAE04EC0-301F-11D3-BF4B-00C04F79EFBC}") = "SQLForms", "SQLForms\SQLForms.csproj", "{232A705D-B85D-47B2-A148-78511A77FE6C}"
EndProject
Project("{FAE04EC0-301F-11D3-BF4B-00C04F79EFBC}") = "SQLForms.iOS", "iOS\SQLForms.iOS.csproj", "{C97CE52F-20D8-46F1-951C-DE09D0C05CFE}"
EndProject
Project("{FAE04EC0-301F-11D3-BF4B-00C04F79EFBC}") = "SQLForms.Droid", "Droid\SQLForms.Droid.csproj", "{D65C859D-1716-4CC4-BB14-F7760CCD9512}"
EndProject
Global
	GlobalSection(SolutionConfigurationPlatforms) = preSolution
		Debug|Any CPU = Debug|Any CPU
		Release|Any CPU = Release|Any CPU
		Debug|iPhoneSimulator = Debug|iPhoneSimulator
		Release|iPhoneSimulator = Release|iPhoneSimulator
		Debug|iPhone = Debug|iPhone
		Release|iPhone = Release|iPhone
		Ad-Hoc|iPhone = Ad-Hoc|iPhone
		AppStore|iPhone = AppStore|iPhone
	EndGlobalSection
	GlobalSection(ProjectConfigurationPlatforms) = postSolution
		{232A705D-B85D-47B2-A148-78511A77FE6C}.Ad-Hoc|iPhone.ActiveCfg = Debug|Any CPU
		{232A705D-B85D-47B2-A148-78511A77FE6C}.Ad-Hoc|iPhone.Build.0 = Debug|Any CPU
		{232A705D-B85D-47B2-A148-78511A77FE6C}.AppStore|iPhone.ActiveCfg = Debug|Any CPU
		{232A705D-B85D-47B2-A148-78511A77FE6C}.AppStore|iPhone.Build.0 = Debug|Any CPU
		{232A705D-B85D-47B2-A148-78511A77FE6C}.Debug|Any CPU.ActiveCfg = Debug|Any CPU
		{232A705D-B85D-47B2-A148-78511A77FE6C}.Debug|Any CPU.Build.0 = Debug|Any CPU
		{232A705D-B85D-47B2-A148-78511A77FE6C}.Debug|iPhone.ActiveCfg = Debug|Any CPU
		{232A705D-B85D-47B2-A148-78511A77FE6C}.Debug|iPhone.Build.0 = Debug|Any CPU
		{232A705D-B85D-47B2-A148-78511A77FE6C}.Debug|iPhoneSimulator.ActiveCfg = Debug|Any CPU
		{232A705D-B85D-47B2-A148-78511A77FE6C}.Debug|iPhoneSimulator.Build.0 = Debug|Any CPU
		{232A705D-B85D-47B2-A148-78511A77FE6C}.Release|Any CPU.ActiveCfg = Release|Any CPU
		{232A705D-B85D-47B2-A148-78511A77FE6C}.Release|Any CPU.Build.0 = Release|Any CPU
		{232A705D-B85D-47B2-A148-78511A77FE6C}.Release|iPhone.ActiveCfg = Release|Any CPU
		{232A705D-B85D-47B2-A148-78511A77FE6C}.Release|iPhone.Build.0 = Release|Any CPU
		{232A705D-B85D-47B2-A148-78511A77FE6C}.Release|iPhoneSimulator.ActiveCfg = Release|Any CPU
		{232A705D-B85D-47B2-A148-78511A77FE6C}.Release|iPhoneSimulator.Build.0 = Release|Any CPU
		{C97CE52F-20D8-46F1-951C-DE09D0C05CFE}.Ad-Hoc|iPhone.ActiveCfg = Ad-Hoc|iPhone
		{C97CE52F-20D8-46F1-951C-DE09D0C05CFE}.Ad-Hoc|iPhone.Build.0 = Ad-Hoc|iPhone
		{C97CE52F-20D8-46F1-951C-DE09D0C05CFE}.AppStore|iPhone.ActiveCfg = AppStore|iPhone
		{C97CE52F-20D8-46F1-951C-DE09D0C05CFE}.AppStore|iPhone.Build.0 = AppStore|iPhone
		{C97CE52F-20D8-46F1-951C-DE09D0C05CFE}.Debug|Any CPU.ActiveCfg = Debug|iPhoneSimulator
		{C97CE52F-20D8-46F1-951C-DE09D0C05CFE}.Debug|Any CPU.Build.0 = Debug|iPhoneSimulator
		{C97CE52F-20D8-46F1-951C-DE09D0C05CFE}.Debug|iPhone.ActiveCfg = Debug|iPhone
		{C97CE52F-20D8-46F1-951C-DE09D0C05CFE}.Debug|iPhone.Build.0 = Debug|iPhone
		{C97CE52F-20D8-46F1-951C-DE09D0C05CFE}.Debug|iPhoneSimulator.ActiveCfg = Debug|iPhoneSimulator
		{C97CE52F-20D8-46F1-951C-DE09D0C05CFE}.Debug|iPhoneSimulator.Build.0 = Debug|iPhoneSimulator
		{C97CE52F-20D8-46F1-951C-DE09D0C05CFE}.Release|Any CPU.ActiveCfg = Release|iPhoneSimulator
		{C97CE52F-20D8-46F1-951C-DE09D0C05CFE}.Release|Any CPU.Build.0 = Release|iPhoneSimulator
		{C97CE52F-20D8-46F1-951C-DE09D0C05CFE}.Release|iPhone.ActiveCfg = Release|iPhone
		{C97CE52F-20D8-46F1-951C-DE09D0C05CFE}.Release|iPhone.Build.0 = Release|iPhone
		{C97CE52F-20D8-46F1-951C-DE09D0C05CFE}.Release|iPhoneSimulator.ActiveCfg = Release|iPhoneSimulator
		{C97CE52F-20D8-46F1-951C-DE09D0C05CFE}.Release|iPhoneSimulator.Build.0 = Release|iPhoneSimulator
		{D65C859D-1716-4CC4-BB14-F7760CCD9512}.Ad-Hoc|iPhone.ActiveCfg = Release|Any CPU
		{D65C859D-1716-4CC4-BB14-F7760CCD9512}.Ad-Hoc|iPhone.Build.0 = Release|Any CPU
		{D65C859D-1716-4CC4-BB14-F7760CCD9512}.AppStore|iPhone.ActiveCfg = Release|Any CPU
		{D65C859D-1716-4CC4-BB14-F7760CCD9512}.AppStore|iPhone.Build.0 = Release|Any CPU
		{D65C859D-1716-4CC4-BB14-F7760CCD9512}.Debug|Any CPU.ActiveCfg = Debug|Any CPU
		{D65C859D-1716-4CC4-BB14-F7760CCD9512}.Debug|Any CPU.Build.0 = Debug|Any CPU
		{D65C859D-1716-4CC4-BB14-F7760CCD9512}.Debug|iPhone.ActiveCfg = Debug|Any CPU
		{D65C859D-1716-4CC4-BB14-F7760CCD9512}.Debug|iPhone.Build.0 = Debug|Any CPU
		{D65C859D-1716-4CC4-BB14-F7760CCD9512}.Debug|iPhoneSimulator.ActiveCfg = Debug|Any CPU
		{D65C859D-1716-4CC4-BB14-F7760CCD9512}.Debug|iPhoneSimulator.Build.0 = Debug|Any CPU
		{D65C859D-1716-4CC4-BB14-F7760CCD9512}.Release|Any CPU.ActiveCfg = Release|Any CPU
		{D65C859D-1716-4CC4-BB14-F7760CCD9512}.Release|Any CPU.Build.0 = Release|Any CPU
		{D65C859D-1716-4CC4-BB14-F7760CCD9512}.Release|iPhone.ActiveCfg = Release|Any CPU
		{D65C859D-1716-4CC4-BB14-F7760CCD9512}.Release|iPhone.Build.0 = Release|Any CPU
		{D65C859D-1716-4CC4-BB14-F7760CCD9512}.Release|iPhoneSimulator.ActiveCfg = Release|Any CPU
		{D65C859D-1716-4CC4-BB14-F7760CCD9512}.Release|iPhoneSimulator.Build.0 = Release|Any CPU
	EndGlobalSection
EndGlobal
